
Microsoft Visual Studio Solution File, Format Version 12.00
# Visual Studio Version 17
VisualStudioVersion = 17.6.33815.320
MinimumVisualStudioVersion = 10.0.40219.1
Project("{FAE04EC0-301F-11D3-BF4B-00C04F79EFBC}") = "KVRTemplate", "KVRTemplate.csproj", "{D046D8F2-325A-4CB9-8516-4707E1B5D68B}"
EndProject
Global
	GlobalSection(SolutionConfigurationPlatforms) = preSolution
		Debug|Any CPU = Debug|Any CPU
		Release|Any CPU = Release|Any CPU
	EndGlobalSection
	GlobalSection(ProjectConfigurationPlatforms) = postSolution
		{D046D8F2-325A-4CB9-8516-4707E1B5D68B}.Debug|Any CPU.ActiveCfg = Debug|Any CPU
		{D046D8F2-325A-4CB9-8516-4707E1B5D68B}.Debug|Any CPU.Build.0 = Debug|Any CPU
		{D046D8F2-325A-4CB9-8516-4707E1B5D68B}.Release|Any CPU.ActiveCfg = Release|Any CPU
		{D046D8F2-325A-4CB9-8516-4707E1B5D68B}.Release|Any CPU.Build.0 = Release|Any CPU
	EndGlobalSection
	GlobalSection(SolutionProperties) = preSolution
		HideSolutionNode = FALSE
	EndGlobalSection
	GlobalSection(ExtensibilityGlobals) = postSolution
		SolutionGuid = {92965FC2-09C4-4C40-B747-239C111C8ABC}
	EndGlobalSection
EndGlobal
